
Microsoft Visual Studio Solution File, Format Version 12.00
# Visual Studio Version 16
VisualStudioVersion = 16.0.28803.202
MinimumVisualStudioVersion = 10.0.40219.1
Project("{FAE04EC0-301F-11D3-BF4B-00C04F79EFBC}") = "manyMethods", "manyMethods.csproj", "{E882C399-B064-4124-9E25-BBD74B4A60D0}"
EndProject
Global
	GlobalSection(SolutionConfigurationPlatforms) = preSolution
		Debug|Any CPU = Debug|Any CPU
		Release|Any CPU = Release|Any CPU
	EndGlobalSection
	GlobalSection(ProjectConfigurationPlatforms) = postSolution
		{E882C399-B064-4124-9E25-BBD74B4A60D0}.Debug|Any CPU.ActiveCfg = Debug|Any CPU
		{E882C399-B064-4124-9E25-BBD74B4A60D0}.Debug|Any CPU.Build.0 = Debug|Any CPU
		{E882C399-B064-4124-9E25-BBD74B4A60D0}.Release|Any CPU.ActiveCfg = Release|Any CPU
		{E882C399-B064-4124-9E25-BBD74B4A60D0}.Release|Any CPU.Build.0 = Release|Any CPU
	EndGlobalSection
	GlobalSection(SolutionProperties) = preSolution
		HideSolutionNode = FALSE
	EndGlobalSection
	GlobalSection(ExtensibilityGlobals) = postSolution
		SolutionGuid = {5249DA6A-5391-47AA-9ECC-7296068390D1}
	EndGlobalSection
EndGlobal
